
Microsoft Visual Studio Solution File, Format Version 12.00
# Visual Studio Version 17
VisualStudioVersion = 17.11.35327.3
MinimumVisualStudioVersion = 10.0.40219.1
Project("{FAE04EC0-301F-11D3-BF4B-00C04F79EFBC}") = "Proyecto#1", "Proyecto#1\Proyecto#1.csproj", "{ED38CD7D-5FC3-426E-B80C-1392C668CCCD}"
EndProject
Global
	GlobalSection(SolutionConfigurationPlatforms) = preSolution
		Debug|Any CPU = Debug|Any CPU
		Release|Any CPU = Release|Any CPU
	EndGlobalSection
	GlobalSection(ProjectConfigurationPlatforms) = postSolution
		{ED38CD7D-5FC3-426E-B80C-1392C668CCCD}.Debug|Any CPU.ActiveCfg = Debug|Any CPU
		{ED38CD7D-5FC3-426E-B80C-1392C668CCCD}.Debug|Any CPU.Build.0 = Debug|Any CPU
		{ED38CD7D-5FC3-426E-B80C-1392C668CCCD}.Release|Any CPU.ActiveCfg = Release|Any CPU
		{ED38CD7D-5FC3-426E-B80C-1392C668CCCD}.Release|Any CPU.Build.0 = Release|Any CPU
	EndGlobalSection
	GlobalSection(SolutionProperties) = preSolution
		HideSolutionNode = FALSE
	EndGlobalSection
	GlobalSection(ExtensibilityGlobals) = postSolution
		SolutionGuid = {38B9C434-3E1E-4CBD-AFA9-966D814B2B1C}
	EndGlobalSection
EndGlobal
